
Microsoft Visual Studio Solution File, Format Version 12.00
# Visual Studio 15
VisualStudioVersion = 15.0.28307.1401
MinimumVisualStudioVersion = 10.0.40219.1
Project("{FAE04EC0-301F-11D3-BF4B-00C04F79EFBC}") = "Agenda Telefônica", "Agenda Telefônica\Agenda Telefônica.csproj", "{E60BA35B-AFE7-421D-B105-41E12AF65AAA}"
EndProject
Global
	GlobalSection(SolutionConfigurationPlatforms) = preSolution
		Debug|Any CPU = Debug|Any CPU
		Release|Any CPU = Release|Any CPU
	EndGlobalSection
	GlobalSection(ProjectConfigurationPlatforms) = postSolution
		{E60BA35B-AFE7-421D-B105-41E12AF65AAA}.Debug|Any CPU.ActiveCfg = Debug|Any CPU
		{E60BA35B-AFE7-421D-B105-41E12AF65AAA}.Debug|Any CPU.Build.0 = Debug|Any CPU
		{E60BA35B-AFE7-421D-B105-41E12AF65AAA}.Release|Any CPU.ActiveCfg = Release|Any CPU
		{E60BA35B-AFE7-421D-B105-41E12AF65AAA}.Release|Any CPU.Build.0 = Release|Any CPU
	EndGlobalSection
	GlobalSection(SolutionProperties) = preSolution
		HideSolutionNode = FALSE
	EndGlobalSection
	GlobalSection(ExtensibilityGlobals) = postSolution
		SolutionGuid = {654B6476-8E48-448B-AE9A-A3C47E819C5A}
	EndGlobalSection
EndGlobal
