
Microsoft Visual Studio Solution File, Format Version 12.00
# Visual Studio 15
VisualStudioVersion = 15.0.28307.1401
MinimumVisualStudioVersion = 10.0.40219.1
Project("{FAE04EC0-301F-11D3-BF4B-00C04F79EFBC}") = "Ex.2, 3 e 4.Fila.ED", "Ex.2, 3 e 4.Fila.ED\Ex.2, 3 e 4.Fila.ED.csproj", "{49553DB3-0591-43AE-95F7-EFBB5513857E}"
EndProject
Global
	GlobalSection(SolutionConfigurationPlatforms) = preSolution
		Debug|Any CPU = Debug|Any CPU
		Release|Any CPU = Release|Any CPU
	EndGlobalSection
	GlobalSection(ProjectConfigurationPlatforms) = postSolution
		{49553DB3-0591-43AE-95F7-EFBB5513857E}.Debug|Any CPU.ActiveCfg = Debug|Any CPU
		{49553DB3-0591-43AE-95F7-EFBB5513857E}.Debug|Any CPU.Build.0 = Debug|Any CPU
		{49553DB3-0591-43AE-95F7-EFBB5513857E}.Release|Any CPU.ActiveCfg = Release|Any CPU
		{49553DB3-0591-43AE-95F7-EFBB5513857E}.Release|Any CPU.Build.0 = Release|Any CPU
	EndGlobalSection
	GlobalSection(SolutionProperties) = preSolution
		HideSolutionNode = FALSE
	EndGlobalSection
	GlobalSection(ExtensibilityGlobals) = postSolution
		SolutionGuid = {B0E0508D-9121-4FA0-B160-B1EA09008DE2}
	EndGlobalSection
EndGlobal
